
Microsoft Visual Studio Solution File, Format Version 12.00
# Visual Studio Version 17
VisualStudioVersion = 17.1.32319.34
MinimumVisualStudioVersion = 10.0.40219.1
Project("{FAE04EC0-301F-11D3-BF4B-00C04F79EFBC}") = "Practica-3-proge.API", "Practica-3-proge.API.csproj", "{7B97102E-CDC1-4758-B1EB-15BF2D94172A}"
EndProject
Global
	GlobalSection(SolutionConfigurationPlatforms) = preSolution
		Debug|Any CPU = Debug|Any CPU
		Release|Any CPU = Release|Any CPU
	EndGlobalSection
	GlobalSection(ProjectConfigurationPlatforms) = postSolution
		{7B97102E-CDC1-4758-B1EB-15BF2D94172A}.Debug|Any CPU.ActiveCfg = Debug|Any CPU
		{7B97102E-CDC1-4758-B1EB-15BF2D94172A}.Debug|Any CPU.Build.0 = Debug|Any CPU
		{7B97102E-CDC1-4758-B1EB-15BF2D94172A}.Release|Any CPU.ActiveCfg = Release|Any CPU
		{7B97102E-CDC1-4758-B1EB-15BF2D94172A}.Release|Any CPU.Build.0 = Release|Any CPU
	EndGlobalSection
	GlobalSection(SolutionProperties) = preSolution
		HideSolutionNode = FALSE
	EndGlobalSection
	GlobalSection(ExtensibilityGlobals) = postSolution
		SolutionGuid = {EEB33804-E999-4433-A57D-163D3EA660E8}
	EndGlobalSection
EndGlobal
